
Microsoft Visual Studio Solution File, Format Version 12.00
# Visual Studio Version 16
VisualStudioVersion = 16.0.33328.57
MinimumVisualStudioVersion = 10.0.40219.1
Project("{FAE04EC0-301F-11D3-BF4B-00C04F79EFBC}") = "QuanLyNhaTro", "QuanLyNhaTro\QuanLyNhaTro.csproj", "{0E099D60-55D9-4D9A-8F2D-5A9C83D85736}"
EndProject
Global
	GlobalSection(SolutionConfigurationPlatforms) = preSolution
		Debug|Any CPU = Debug|Any CPU
		Release|Any CPU = Release|Any CPU
	EndGlobalSection
	GlobalSection(ProjectConfigurationPlatforms) = postSolution
		{0E099D60-55D9-4D9A-8F2D-5A9C83D85736}.Debug|Any CPU.ActiveCfg = Debug|Any CPU
		{0E099D60-55D9-4D9A-8F2D-5A9C83D85736}.Debug|Any CPU.Build.0 = Debug|Any CPU
		{0E099D60-55D9-4D9A-8F2D-5A9C83D85736}.Release|Any CPU.ActiveCfg = Release|Any CPU
		{0E099D60-55D9-4D9A-8F2D-5A9C83D85736}.Release|Any CPU.Build.0 = Release|Any CPU
	EndGlobalSection
	GlobalSection(SolutionProperties) = preSolution
		HideSolutionNode = FALSE
	EndGlobalSection
	GlobalSection(ExtensibilityGlobals) = postSolution
		SolutionGuid = {7C6783B6-93D8-4BC2-9640-6EA7B8DA2A78}
	EndGlobalSection
EndGlobal
